
Microsoft Visual Studio Solution File, Format Version 12.00
# Visual Studio Version 17
VisualStudioVersion = 17.13.35919.96 d17.13
MinimumVisualStudioVersion = 10.0.40219.1
Project("{FAE04EC0-301F-11D3-BF4B-00C04F79EFBC}") = "NLP-Prototype-MVC-8.0", "NLP-Prototype-MVC-8.0.csproj", "{13351C43-88F9-4A80-A851-273535BE6E59}"
EndProject
Global
	GlobalSection(SolutionConfigurationPlatforms) = preSolution
		Debug|Any CPU = Debug|Any CPU
		Release|Any CPU = Release|Any CPU
	EndGlobalSection
	GlobalSection(ProjectConfigurationPlatforms) = postSolution
		{13351C43-88F9-4A80-A851-273535BE6E59}.Debug|Any CPU.ActiveCfg = Debug|Any CPU
		{13351C43-88F9-4A80-A851-273535BE6E59}.Debug|Any CPU.Build.0 = Debug|Any CPU
		{13351C43-88F9-4A80-A851-273535BE6E59}.Release|Any CPU.ActiveCfg = Release|Any CPU
		{13351C43-88F9-4A80-A851-273535BE6E59}.Release|Any CPU.Build.0 = Release|Any CPU
	EndGlobalSection
	GlobalSection(SolutionProperties) = preSolution
		HideSolutionNode = FALSE
	EndGlobalSection
	GlobalSection(ExtensibilityGlobals) = postSolution
		SolutionGuid = {30C9EBB6-8499-4170-A170-0B4447793C92}
	EndGlobalSection
EndGlobal
